
Microsoft Visual Studio Solution File, Format Version 12.00
# Visual Studio Version 16
VisualStudioVersion = 16.0.29509.3
MinimumVisualStudioVersion = 10.0.40219.1
Project("{F2A71F9B-5D33-465A-A702-920D77279786}") = "WordGuesserComp", "WordGuesserComp\WordGuesserComp.fsproj", "{10EC3234-B6ED-48CC-AD5B-084F6625FD94}"
EndProject
Global
	GlobalSection(SolutionConfigurationPlatforms) = preSolution
		Debug|Any CPU = Debug|Any CPU
		Release|Any CPU = Release|Any CPU
	EndGlobalSection
	GlobalSection(ProjectConfigurationPlatforms) = postSolution
		{10EC3234-B6ED-48CC-AD5B-084F6625FD94}.Debug|Any CPU.ActiveCfg = Debug|Any CPU
		{10EC3234-B6ED-48CC-AD5B-084F6625FD94}.Debug|Any CPU.Build.0 = Debug|Any CPU
		{10EC3234-B6ED-48CC-AD5B-084F6625FD94}.Release|Any CPU.ActiveCfg = Release|Any CPU
		{10EC3234-B6ED-48CC-AD5B-084F6625FD94}.Release|Any CPU.Build.0 = Release|Any CPU
	EndGlobalSection
	GlobalSection(SolutionProperties) = preSolution
		HideSolutionNode = FALSE
	EndGlobalSection
	GlobalSection(ExtensibilityGlobals) = postSolution
		SolutionGuid = {AC813FD0-6A2F-472D-8275-F33B07605E24}
	EndGlobalSection
EndGlobal
